
Microsoft Visual Studio Solution File, Format Version 12.00
# Visual Studio 15
VisualStudioVersion = 15.0.28307.168
MinimumVisualStudioVersion = 10.0.40219.1
Project("{FAE04EC0-301F-11D3-BF4B-00C04F79EFBC}") = "PaymentProcessor.Web", "PaymentProcessor.Web\PaymentProcessor.Web.csproj", "{295D6CB0-0083-4C67-8A3A-EA3015968C4B}"
EndProject
Global
	GlobalSection(SolutionConfigurationPlatforms) = preSolution
		Debug|Any CPU = Debug|Any CPU
		Release|Any CPU = Release|Any CPU
	EndGlobalSection
	GlobalSection(ProjectConfigurationPlatforms) = postSolution
		{295D6CB0-0083-4C67-8A3A-EA3015968C4B}.Debug|Any CPU.ActiveCfg = Debug|Any CPU
		{295D6CB0-0083-4C67-8A3A-EA3015968C4B}.Debug|Any CPU.Build.0 = Debug|Any CPU
		{295D6CB0-0083-4C67-8A3A-EA3015968C4B}.Release|Any CPU.ActiveCfg = Release|Any CPU
		{295D6CB0-0083-4C67-8A3A-EA3015968C4B}.Release|Any CPU.Build.0 = Release|Any CPU
	EndGlobalSection
	GlobalSection(SolutionProperties) = preSolution
		HideSolutionNode = FALSE
	EndGlobalSection
	GlobalSection(ExtensibilityGlobals) = postSolution
		SolutionGuid = {473476B8-3EBD-4A8D-8935-4AA25AA95FED}
	EndGlobalSection
EndGlobal
